
Microsoft Visual Studio Solution File, Format Version 12.00
# Visual Studio Version 17
VisualStudioVersion = 17.9.34622.214
MinimumVisualStudioVersion = 10.0.40219.1
Project("{9A19103F-16F7-4668-BE54-9A1E7A4F7556}") = "ConsoleApp_ForR", "ConsoleApp_ForR\ConsoleApp_ForR.csproj", "{37D7A667-3CD8-4632-AF5F-D1336B1B4EA3}"
EndProject
Global
	GlobalSection(SolutionConfigurationPlatforms) = preSolution
		Debug|x64 = Debug|x64
		Debug|x86 = Debug|x86
		Release|x64 = Release|x64
		Release|x86 = Release|x86
	EndGlobalSection
	GlobalSection(ProjectConfigurationPlatforms) = postSolution
		{37D7A667-3CD8-4632-AF5F-D1336B1B4EA3}.Debug|x64.ActiveCfg = Debug|x64
		{37D7A667-3CD8-4632-AF5F-D1336B1B4EA3}.Debug|x64.Build.0 = Debug|x64
		{37D7A667-3CD8-4632-AF5F-D1336B1B4EA3}.Debug|x86.ActiveCfg = Debug|x86
		{37D7A667-3CD8-4632-AF5F-D1336B1B4EA3}.Debug|x86.Build.0 = Debug|x86
		{37D7A667-3CD8-4632-AF5F-D1336B1B4EA3}.Release|x64.ActiveCfg = Release|x64
		{37D7A667-3CD8-4632-AF5F-D1336B1B4EA3}.Release|x64.Build.0 = Release|x64
		{37D7A667-3CD8-4632-AF5F-D1336B1B4EA3}.Release|x86.ActiveCfg = Release|x86
		{37D7A667-3CD8-4632-AF5F-D1336B1B4EA3}.Release|x86.Build.0 = Release|x86
	EndGlobalSection
	GlobalSection(SolutionProperties) = preSolution
		HideSolutionNode = FALSE
	EndGlobalSection
	GlobalSection(ExtensibilityGlobals) = postSolution
		SolutionGuid = {7FB35AFE-2AAB-4773-AAE9-97895D9FB61E}
	EndGlobalSection
EndGlobal
